
Microsoft Visual Studio Solution File, Format Version 12.00
# Visual Studio 14
VisualStudioVersion = 14.0.25420.1
MinimumVisualStudioVersion = 10.0.40219.1
Project("{8BC9CEB8-8B4A-11D0-8D11-00A0C91BC942}") = "MothCount", "MothCount\MothCount.vcxproj", "{6D9B940E-DD93-493A-AE28-B023BFCBBEEB}"
EndProject
Project("{8BC9CEB8-8B4A-11D0-8D11-00A0C91BC942}") = "ThresholdTest", "ThresholdTest\ThresholdTest.vcxproj", "{A0DF2CC5-6741-4DC3-AFE2-C827E4D05BE8}"
EndProject
Project("{8BC9CEB8-8B4A-11D0-8D11-00A0C91BC942}") = "BranchCutter", "BranchCutter\BranchCutter.vcxproj", "{72DE49FC-8C16-4C1F-8E77-B40C2291918C}"
EndProject
Project("{8BC9CEB8-8B4A-11D0-8D11-00A0C91BC942}") = "MatToJson", "MatToJson\MatToJson.vcxproj", "{7B4863A1-560E-41B7-B39A-84D98F67D072}"
EndProject
Project("{8BC9CEB8-8B4A-11D0-8D11-00A0C91BC942}") = "MothCount_Thermal", "MothCount_Thermal\MothCount_Thermal.vcxproj", "{69F330B7-43B0-4125-89A8-CAC4DAF3E215}"
EndProject
Global
	GlobalSection(SolutionConfigurationPlatforms) = preSolution
		Debug|x64 = Debug|x64
		Debug|x86 = Debug|x86
		Release|x64 = Release|x64
		Release|x86 = Release|x86
	EndGlobalSection
	GlobalSection(ProjectConfigurationPlatforms) = postSolution
		{6D9B940E-DD93-493A-AE28-B023BFCBBEEB}.Debug|x64.ActiveCfg = Debug|x64
		{6D9B940E-DD93-493A-AE28-B023BFCBBEEB}.Debug|x64.Build.0 = Debug|x64
		{6D9B940E-DD93-493A-AE28-B023BFCBBEEB}.Debug|x86.ActiveCfg = Debug|Win32
		{6D9B940E-DD93-493A-AE28-B023BFCBBEEB}.Debug|x86.Build.0 = Debug|Win32
		{6D9B940E-DD93-493A-AE28-B023BFCBBEEB}.Release|x64.ActiveCfg = Release|x64
		{6D9B940E-DD93-493A-AE28-B023BFCBBEEB}.Release|x64.Build.0 = Release|x64
		{6D9B940E-DD93-493A-AE28-B023BFCBBEEB}.Release|x86.ActiveCfg = Release|Win32
		{6D9B940E-DD93-493A-AE28-B023BFCBBEEB}.Release|x86.Build.0 = Release|Win32
		{A0DF2CC5-6741-4DC3-AFE2-C827E4D05BE8}.Debug|x64.ActiveCfg = Debug|x64
		{A0DF2CC5-6741-4DC3-AFE2-C827E4D05BE8}.Debug|x64.Build.0 = Debug|x64
		{A0DF2CC5-6741-4DC3-AFE2-C827E4D05BE8}.Debug|x86.ActiveCfg = Debug|Win32
		{A0DF2CC5-6741-4DC3-AFE2-C827E4D05BE8}.Debug|x86.Build.0 = Debug|Win32
		{A0DF2CC5-6741-4DC3-AFE2-C827E4D05BE8}.Release|x64.ActiveCfg = Release|x64
		{A0DF2CC5-6741-4DC3-AFE2-C827E4D05BE8}.Release|x64.Build.0 = Release|x64
		{A0DF2CC5-6741-4DC3-AFE2-C827E4D05BE8}.Release|x86.ActiveCfg = Release|Win32
		{A0DF2CC5-6741-4DC3-AFE2-C827E4D05BE8}.Release|x86.Build.0 = Release|Win32
		{72DE49FC-8C16-4C1F-8E77-B40C2291918C}.Debug|x64.ActiveCfg = Debug|x64
		{72DE49FC-8C16-4C1F-8E77-B40C2291918C}.Debug|x64.Build.0 = Debug|x64
		{72DE49FC-8C16-4C1F-8E77-B40C2291918C}.Debug|x86.ActiveCfg = Debug|Win32
		{72DE49FC-8C16-4C1F-8E77-B40C2291918C}.Debug|x86.Build.0 = Debug|Win32
		{72DE49FC-8C16-4C1F-8E77-B40C2291918C}.Release|x64.ActiveCfg = Release|x64
		{72DE49FC-8C16-4C1F-8E77-B40C2291918C}.Release|x64.Build.0 = Release|x64
		{72DE49FC-8C16-4C1F-8E77-B40C2291918C}.Release|x86.ActiveCfg = Release|Win32
		{72DE49FC-8C16-4C1F-8E77-B40C2291918C}.Release|x86.Build.0 = Release|Win32
		{7B4863A1-560E-41B7-B39A-84D98F67D072}.Debug|x64.ActiveCfg = Debug|x64
		{7B4863A1-560E-41B7-B39A-84D98F67D072}.Debug|x64.Build.0 = Debug|x64
		{7B4863A1-560E-41B7-B39A-84D98F67D072}.Debug|x86.ActiveCfg = Debug|Win32
		{7B4863A1-560E-41B7-B39A-84D98F67D072}.Debug|x86.Build.0 = Debug|Win32
		{7B4863A1-560E-41B7-B39A-84D98F67D072}.Release|x64.ActiveCfg = Release|x64
		{7B4863A1-560E-41B7-B39A-84D98F67D072}.Release|x64.Build.0 = Release|x64
		{7B4863A1-560E-41B7-B39A-84D98F67D072}.Release|x86.ActiveCfg = Release|Win32
		{7B4863A1-560E-41B7-B39A-84D98F67D072}.Release|x86.Build.0 = Release|Win32
		{69F330B7-43B0-4125-89A8-CAC4DAF3E215}.Debug|x64.ActiveCfg = Debug|x64
		{69F330B7-43B0-4125-89A8-CAC4DAF3E215}.Debug|x64.Build.0 = Debug|x64
		{69F330B7-43B0-4125-89A8-CAC4DAF3E215}.Debug|x86.ActiveCfg = Debug|Win32
		{69F330B7-43B0-4125-89A8-CAC4DAF3E215}.Debug|x86.Build.0 = Debug|Win32
		{69F330B7-43B0-4125-89A8-CAC4DAF3E215}.Release|x64.ActiveCfg = Release|x64
		{69F330B7-43B0-4125-89A8-CAC4DAF3E215}.Release|x64.Build.0 = Release|x64
		{69F330B7-43B0-4125-89A8-CAC4DAF3E215}.Release|x86.ActiveCfg = Release|Win32
		{69F330B7-43B0-4125-89A8-CAC4DAF3E215}.Release|x86.Build.0 = Release|Win32
	EndGlobalSection
	GlobalSection(SolutionProperties) = preSolution
		HideSolutionNode = FALSE
	EndGlobalSection
EndGlobal
